// !$*UTF8*$!
{
	archiveVersion = 1;
	classes = {
	};
	objectVersion = 56;
	objects = {

/* Begin PBXBuildFile section */
		FA7F7B8F2BE2D3CA00AC0DF6 /* SpriteView.swift in Sources */ = {isa = PBXBuildFile; fileRef = FA7F7B8E2BE2D3CA00AC0DF6 /* SpriteView.swift */; };
		FACE4C862BE02B6600FBC825 /* DexMateApp.swift in Sources */ = {isa = PBXBuildFile; fileRef = FACE4C852BE02B6600FBC825 /* DexMateApp.swift */; };
		FACE4C882BE02B6600FBC825 /* ContentView.swift in Sources */ = {isa = PBXBuildFile; fileRef = FACE4C872BE02B6600FBC825 /* ContentView.swift */; };
		FACE4C8A2BE02B6700FBC825 /* Assets.xcassets in Resources */ = {isa = PBXBuildFile; fileRef = FACE4C892BE02B6700FBC825 /* Assets.xcassets */; };
		FACE4C8E2BE02B6700FBC825 /* Preview Assets.xcassets in Resources */ = {isa = PBXBuildFile; fileRef = FACE4C8D2BE02B6700FBC825 /* Preview Assets.xcassets */; };
		FACE4C952BE02B9500FBC825 /* APIResults.swift in Sources */ = {isa = PBXBuildFile; fileRef = FACE4C942BE02B9500FBC825 /* APIResults.swift */; };
		FACE4C972BE02D3B00FBC825 /* ContentView-ViewModel.swift in Sources */ = {isa = PBXBuildFile; fileRef = FACE4C962BE02D3B00FBC825 /* ContentView-ViewModel.swift */; };
		FACE4C992BE0393C00FBC825 /* PokemonView.swift in Sources */ = {isa = PBXBuildFile; fileRef = FACE4C982BE0393C00FBC825 /* PokemonView.swift */; };
		FACE4C9F2BE0399A00FBC825 /* PokemonView-ViewModel.swift in Sources */ = {isa = PBXBuildFile; fileRef = FACE4C9E2BE0399A00FBC825 /* PokemonView-ViewModel.swift */; };
		FACE4CA12BE039D500FBC825 /* PokemonInfo.swift in Sources */ = {isa = PBXBuildFile; fileRef = FACE4CA02BE039D500FBC825 /* PokemonInfo.swift */; };
/* End PBXBuildFile section */

/* Begin PBXFileReference section */
		FA7F7B8E2BE2D3CA00AC0DF6 /* SpriteView.swift */ = {isa = PBXFileReference; lastKnownFileType = sourcecode.swift; path = SpriteView.swift; sourceTree = "<group>"; };
		FACE4C822BE02B6600FBC825 /* DexMate.app */ = {isa = PBXFileReference; explicitFileType = wrapper.application; includeInIndex = 0; path = DexMate.app; sourceTree = BUILT_PRODUCTS_DIR; };
		FACE4C852BE02B6600FBC825 /* DexMateApp.swift */ = {isa = PBXFileReference; lastKnownFileType = sourcecode.swift; path = DexMateApp.swift; sourceTree = "<group>"; };
		FACE4C872BE02B6600FBC825 /* ContentView.swift */ = {isa = PBXFileReference; lastKnownFileType = sourcecode.swift; path = ContentView.swift; sourceTree = "<group>"; };
		FACE4C892BE02B6700FBC825 /* Assets.xcassets */ = {isa = PBXFileReference; lastKnownFileType = folder.assetcatalog; path = Assets.xcassets; sourceTree = "<group>"; };
		FACE4C8B2BE02B6700FBC825 /* DexMate.entitlements */ = {isa = PBXFileReference; lastKnownFileType = text.plist.entitlements; path = DexMate.entitlements; sourceTree = "<group>"; };
		FACE4C8D2BE02B6700FBC825 /* Preview Assets.xcassets */ = {isa = PBXFileReference; lastKnownFileType = folder.assetcatalog; path = "Preview Assets.xcassets"; sourceTree = "<group>"; };
		FACE4C942BE02B9500FBC825 /* APIResults.swift */ = {isa = PBXFileReference; lastKnownFileType = sourcecode.swift; path = APIResults.swift; sourceTree = "<group>"; };
		FACE4C962BE02D3B00FBC825 /* ContentView-ViewModel.swift */ = {isa = PBXFileReference; lastKnownFileType = sourcecode.swift; path = "ContentView-ViewModel.swift"; sourceTree = "<group>"; };
		FACE4C982BE0393C00FBC825 /* PokemonView.swift */ = {isa = PBXFileReference; lastKnownFileType = sourcecode.swift; path = PokemonView.swift; sourceTree = "<group>"; };
		FACE4C9E2BE0399A00FBC825 /* PokemonView-ViewModel.swift */ = {isa = PBXFileReference; lastKnownFileType = sourcecode.swift; path = "PokemonView-ViewModel.swift"; sourceTree = "<group>"; };
		FACE4CA02BE039D500FBC825 /* PokemonInfo.swift */ = {isa = PBXFileReference; lastKnownFileType = sourcecode.swift; path = PokemonInfo.swift; sourceTree = "<group>"; };
/* End PBXFileReference section */

/* Begin PBXFrameworksBuildPhase section */
		FACE4C7F2BE02B6600FBC825 /* Frameworks */ = {
			isa = PBXFrameworksBuildPhase;
			buildActionMask = 2147483647;
			files = (
			);
			runOnlyForDeploymentPostprocessing = 0;
		};
/* End PBXFrameworksBuildPhase section */

/* Begin PBXGroup section */
		FACE4C792BE02B6600FBC825 = {
			isa = PBXGroup;
			children = (
				FACE4C842BE02B6600FBC825 /* DexMate */,
				FACE4C832BE02B6600FBC825 /* Products */,
			);
			sourceTree = "<group>";
		};
		FACE4C832BE02B6600FBC825 /* Products */ = {
			isa = PBXGroup;
			children = (
				FACE4C822BE02B6600FBC825 /* DexMate.app */,
			);
			name = Products;
			sourceTree = "<group>";
		};
		FACE4C842BE02B6600FBC825 /* DexMate */ = {
			isa = PBXGroup;
			children = (
				FACE4C852BE02B6600FBC825 /* DexMateApp.swift */,
				FACE4C872BE02B6600FBC825 /* ContentView.swift */,
				FACE4C9A2BE0394800FBC825 /* Views */,
				FACE4C9B2BE0395B00FBC825 /* ViewModels */,
				FACE4C9D2BE0397A00FBC825 /* Resources */,
				FACE4C892BE02B6700FBC825 /* Assets.xcassets */,
				FACE4C8B2BE02B6700FBC825 /* DexMate.entitlements */,
				FACE4C8C2BE02B6700FBC825 /* Preview Content */,
			);
			path = DexMate;
			sourceTree = "<group>";
		};
		FACE4C8C2BE02B6700FBC825 /* Preview Content */ = {
			isa = PBXGroup;
			children = (
				FACE4C8D2BE02B6700FBC825 /* Preview Assets.xcassets */,
			);
			path = "Preview Content";
			sourceTree = "<group>";
		};
		FACE4C9A2BE0394800FBC825 /* Views */ = {
			isa = PBXGroup;
			children = (
				FACE4C982BE0393C00FBC825 /* PokemonView.swift */,
				FA7F7B8E2BE2D3CA00AC0DF6 /* SpriteView.swift */,
			);
			path = Views;
			sourceTree = "<group>";
		};
		FACE4C9B2BE0395B00FBC825 /* ViewModels */ = {
			isa = PBXGroup;
			children = (
				FACE4C962BE02D3B00FBC825 /* ContentView-ViewModel.swift */,
				FACE4C9E2BE0399A00FBC825 /* PokemonView-ViewModel.swift */,
			);
			path = ViewModels;
			sourceTree = "<group>";
		};
		FACE4C9D2BE0397A00FBC825 /* Resources */ = {
			isa = PBXGroup;
			children = (
				FACE4C942BE02B9500FBC825 /* APIResults.swift */,
				FACE4CA02BE039D500FBC825 /* PokemonInfo.swift */,
			);
			path = Resources;
			sourceTree = "<group>";
		};
/* End PBXGroup section */

/* Begin PBXNativeTarget section */
		FACE4C812BE02B6600FBC825 /* DexMate */ = {
			isa = PBXNativeTarget;
			buildConfigurationList = FACE4C912BE02B6700FBC825 /* Build configuration list for PBXNativeTarget "DexMate" */;
			buildPhases = (
				FACE4C7E2BE02B6600FBC825 /* Sources */,
				FACE4C7F2BE02B6600FBC825 /* Frameworks */,
				FACE4C802BE02B6600FBC825 /* Resources */,
			);
			buildRules = (
			);
			dependencies = (
			);
			name = DexMate;
			productName = DexMate;
			productReference = FACE4C822BE02B6600FBC825 /* DexMate.app */;
			productType = "com.apple.product-type.application";
		};
/* End PBXNativeTarget section */

/* Begin PBXProject section */
		FACE4C7A2BE02B6600FBC825 /* Project object */ = {
			isa = PBXProject;
			attributes = {
				BuildIndependentTargetsInParallel = 1;
				LastSwiftUpdateCheck = 1530;
				LastUpgradeCheck = 1530;
				TargetAttributes = {
					FACE4C812BE02B6600FBC825 = {
						CreatedOnToolsVersion = 15.3;
					};
				};
			};
			buildConfigurationList = FACE4C7D2BE02B6600FBC825 /* Build configuration list for PBXProject "DexMate" */;
			compatibilityVersion = "Xcode 14.0";
			developmentRegion = en;
			hasScannedForEncodings = 0;
			knownRegions = (
				en,
				Base,
			);
			mainGroup = FACE4C792BE02B6600FBC825;
			productRefGroup = FACE4C832BE02B6600FBC825 /* Products */;
			projectDirPath = "";
			projectRoot = "";
			targets = (
				FACE4C812BE02B6600FBC825 /* DexMate */,
			);
		};
/* End PBXProject section */

/* Begin PBXResourcesBuildPhase section */
		FACE4C802BE02B6600FBC825 /* Resources */ = {
			isa = PBXResourcesBuildPhase;
			buildActionMask = 2147483647;
			files = (
				FACE4C8E2BE02B6700FBC825 /* Preview Assets.xcassets in Resources */,
				FACE4C8A2BE02B6700FBC825 /* Assets.xcassets in Resources */,
			);
			runOnlyForDeploymentPostprocessing = 0;
		};
/* End PBXResourcesBuildPhase section */

/* Begin PBXSourcesBuildPhase section */
		FACE4C7E2BE02B6600FBC825 /* Sources */ = {
			isa = PBXSourcesBuildPhase;
			buildActionMask = 2147483647;
			files = (
				FACE4CA12BE039D500FBC825 /* PokemonInfo.swift in Sources */,
				FACE4C882BE02B6600FBC825 /* ContentView.swift in Sources */,
				FACE4C972BE02D3B00FBC825 /* ContentView-ViewModel.swift in Sources */,
				FACE4C862BE02B6600FBC825 /* DexMateApp.swift in Sources */,
				FACE4C992BE0393C00FBC825 /* PokemonView.swift in Sources */,
				FA7F7B8F2BE2D3CA00AC0DF6 /* SpriteView.swift in Sources */,
				FACE4C952BE02B9500FBC825 /* APIResults.swift in Sources */,
				FACE4C9F2BE0399A00FBC825 /* PokemonView-ViewModel.swift in Sources */,
			);
			runOnlyForDeploymentPostprocessing = 0;
		};
/* End PBXSourcesBuildPhase section */

/* Begin XCBuildConfiguration section */
		FACE4C8F2BE02B6700FBC825 /* Debug */ = {
			isa = XCBuildConfiguration;
			buildSettings = {
				ALWAYS_SEARCH_USER_PATHS = NO;
				ASSETCATALOG_COMPILER_GENERATE_SWIFT_ASSET_SYMBOL_EXTENSIONS = YES;
				CLANG_ANALYZER_NONNULL = YES;
				CLANG_ANALYZER_NUMBER_OBJECT_CONVERSION = YES_AGGRESSIVE;
				CLANG_CXX_LANGUAGE_STANDARD = "gnu++20";
				CLANG_ENABLE_MODULES = YES;
				CLANG_ENABLE_OBJC_ARC = YES;
				CLANG_ENABLE_OBJC_WEAK = YES;
				CLANG_WARN_BLOCK_CAPTURE_AUTORELEASING = YES;
				CLANG_WARN_BOOL_CONVERSION = YES;
				CLANG_WARN_COMMA = YES;
				CLANG_WARN_CONSTANT_CONVERSION = YES;
				CLANG_WARN_DEPRECATED_OBJC_IMPLEMENTATIONS = YES;
				CLANG_WARN_DIRECT_OBJC_ISA_USAGE = YES_ERROR;
				CLANG_WARN_DOCUMENTATION_COMMENTS = YES;
				CLANG_WARN_EMPTY_BODY = YES;
				CLANG_WARN_ENUM_CONVERSION = YES;
				CLANG_WARN_INFINITE_RECURSION = YES;
				CLANG_WARN_INT_CONVERSION = YES;
				CLANG_WARN_NON_LITERAL_NULL_CONVERSION = YES;
				CLANG_WARN_OBJC_IMPLICIT_RETAIN_SELF = YES;
				CLANG_WARN_OBJC_LITERAL_CONVERSION = YES;
				CLANG_WARN_OBJC_ROOT_CLASS = YES_ERROR;
				CLANG_WARN_QUOTED_INCLUDE_IN_FRAMEWORK_HEADER = YES;
				CLANG_WARN_RANGE_LOOP_ANALYSIS = YES;
				CLANG_WARN_STRICT_PROTOTYPES = YES;
				CLANG_WARN_SUSPICIOUS_MOVE = YES;
				CLANG_WARN_UNGUARDED_AVAILABILITY = YES_AGGRESSIVE;
				CLANG_WARN_UNREACHABLE_CODE = YES;
				CLANG_WARN__DUPLICATE_METHOD_MATCH = YES;
				COPY_PHASE_STRIP = NO;
				DEBUG_INFORMATION_FORMAT = dwarf;
				ENABLE_STRICT_OBJC_MSGSEND = YES;
				ENABLE_TESTABILITY = YES;
				ENABLE_USER_SCRIPT_SANDBOXING = YES;
				GCC_C_LANGUAGE_STANDARD = gnu17;
				GCC_DYNAMIC_NO_PIC = NO;
				GCC_NO_COMMON_BLOCKS = YES;
				GCC_OPTIMIZATION_LEVEL = 0;
				GCC_PREPROCESSOR_DEFINITIONS = (
					"DEBUG=1",
					"$(inherited)",
				);
				GCC_WARN_64_TO_32_BIT_CONVERSION = YES;
				GCC_WARN_ABOUT_RETURN_TYPE = YES_ERROR;
				GCC_WARN_UNDECLARED_SELECTOR = YES;
				GCC_WARN_UNINITIALIZED_AUTOS = YES_AGGRESSIVE;
				GCC_WARN_UNUSED_FUNCTION = YES;
				GCC_WARN_UNUSED_VARIABLE = YES;
				LOCALIZATION_PREFERS_STRING_CATALOGS = YES;
				MTL_ENABLE_DEBUG_INFO = INCLUDE_SOURCE;
				MTL_FAST_MATH = YES;
				ONLY_ACTIVE_ARCH = YES;
				SWIFT_ACTIVE_COMPILATION_CONDITIONS = "DEBUG $(inherited)";
				SWIFT_OPTIMIZATION_LEVEL = "-Onone";
			};
			name = Debug;
		};
		FACE4C902BE02B6700FBC825 /* Release */ = {
			isa = XCBuildConfiguration;
			buildSettings = {
				ALWAYS_SEARCH_USER_PATHS = NO;
				ASSETCATALOG_COMPILER_GENERATE_SWIFT_ASSET_SYMBOL_EXTENSIONS = YES;
				CLANG_ANALYZER_NONNULL = YES;
				CLANG_ANALYZER_NUMBER_OBJECT_CONVERSION = YES_AGGRESSIVE;
				CLANG_CXX_LANGUAGE_STANDARD = "gnu++20";
				CLANG_ENABLE_MODULES = YES;
				CLANG_ENABLE_OBJC_ARC = YES;
				CLANG_ENABLE_OBJC_WEAK = YES;
				CLANG_WARN_BLOCK_CAPTURE_AUTORELEASING = YES;
				CLANG_WARN_BOOL_CONVERSION = YES;
				CLANG_WARN_COMMA = YES;
				CLANG_WARN_CONSTANT_CONVERSION = YES;
				CLANG_WARN_DEPRECATED_OBJC_IMPLEMENTATIONS = YES;
				CLANG_WARN_DIRECT_OBJC_ISA_USAGE = YES_ERROR;
				CLANG_WARN_DOCUMENTATION_COMMENTS = YES;
				CLANG_WARN_EMPTY_BODY = YES;
				CLANG_WARN_ENUM_CONVERSION = YES;
				CLANG_WARN_INFINITE_RECURSION = YES;
				CLANG_WARN_INT_CONVERSION = YES;
				CLANG_WARN_NON_LITERAL_NULL_CONVERSION = YES;
				CLANG_WARN_OBJC_IMPLICIT_RETAIN_SELF = YES;
				CLANG_WARN_OBJC_LITERAL_CONVERSION = YES;
				CLANG_WARN_OBJC_ROOT_CLASS = YES_ERROR;
				CLANG_WARN_QUOTED_INCLUDE_IN_FRAMEWORK_HEADER = YES;
				CLANG_WARN_RANGE_LOOP_ANALYSIS = YES;
				CLANG_WARN_STRICT_PROTOTYPES = YES;
				CLANG_WARN_SUSPICIOUS_MOVE = YES;
				CLANG_WARN_UNGUARDED_AVAILABILITY = YES_AGGRESSIVE;
				CLANG_WARN_UNREACHABLE_CODE = YES;
				CLANG_WARN__DUPLICATE_METHOD_MATCH = YES;
				COPY_PHASE_STRIP = NO;
				DEBUG_INFORMATION_FORMAT = "dwarf-with-dsym";
				ENABLE_NS_ASSERTIONS = NO;
				ENABLE_STRICT_OBJC_MSGSEND = YES;
				ENABLE_USER_SCRIPT_SANDBOXING = YES;
				GCC_C_LANGUAGE_STANDARD = gnu17;
				GCC_NO_COMMON_BLOCKS = YES;
				GCC_WARN_64_TO_32_BIT_CONVERSION = YES;
				GCC_WARN_ABOUT_RETURN_TYPE = YES_ERROR;
				GCC_WARN_UNDECLARED_SELECTOR = YES;
				GCC_WARN_UNINITIALIZED_AUTOS = YES_AGGRESSIVE;
				GCC_WARN_UNUSED_FUNCTION = YES;
				GCC_WARN_UNUSED_VARIABLE = YES;
				LOCALIZATION_PREFERS_STRING_CATALOGS = YES;
				MTL_ENABLE_DEBUG_INFO = NO;
				MTL_FAST_MATH = YES;
				SWIFT_COMPILATION_MODE = wholemodule;
			};
			name = Release;
		};
		FACE4C922BE02B6700FBC825 /* Debug */ = {
			isa = XCBuildConfiguration;
			buildSettings = {
				ASSETCATALOG_COMPILER_APPICON_NAME = AppIcon;
				ASSETCATALOG_COMPILER_GLOBAL_ACCENT_COLOR_NAME = AccentColor;
				CODE_SIGN_ENTITLEMENTS = DexMate/DexMate.entitlements;
				CODE_SIGN_STYLE = Automatic;
				CURRENT_PROJECT_VERSION = 1;
				DEVELOPMENT_ASSET_PATHS = "\"DexMate/Preview Content\"";
				ENABLE_PREVIEWS = YES;
				GENERATE_INFOPLIST_FILE = YES;
				"INFOPLIST_KEY_UIApplicationSceneManifest_Generation[sdk=iphoneos*]" = YES;
				"INFOPLIST_KEY_UIApplicationSceneManifest_Generation[sdk=iphonesimulator*]" = YES;
				"INFOPLIST_KEY_UIApplicationSupportsIndirectInputEvents[sdk=iphoneos*]" = YES;
				"INFOPLIST_KEY_UIApplicationSupportsIndirectInputEvents[sdk=iphonesimulator*]" = YES;
				"INFOPLIST_KEY_UILaunchScreen_Generation[sdk=iphoneos*]" = YES;
				"INFOPLIST_KEY_UILaunchScreen_Generation[sdk=iphonesimulator*]" = YES;
				"INFOPLIST_KEY_UIStatusBarStyle[sdk=iphoneos*]" = UIStatusBarStyleDefault;
				"INFOPLIST_KEY_UIStatusBarStyle[sdk=iphonesimulator*]" = UIStatusBarStyleDefault;
				INFOPLIST_KEY_UISupportedInterfaceOrientations_iPad = "UIInterfaceOrientationPortrait UIInterfaceOrientationPortraitUpsideDown UIInterfaceOrientationLandscapeLeft UIInterfaceOrientationLandscapeRight";
				INFOPLIST_KEY_UISupportedInterfaceOrientations_iPhone = "UIInterfaceOrientationPortrait UIInterfaceOrientationLandscapeLeft UIInterfaceOrientationLandscapeRight";
				IPHONEOS_DEPLOYMENT_TARGET = 17.4;
				LD_RUNPATH_SEARCH_PATHS = "@executable_path/Frameworks";
				"LD_RUNPATH_SEARCH_PATHS[sdk=macosx*]" = "@executable_path/../Frameworks";
				MACOSX_DEPLOYMENT_TARGET = 14.3;
				MARKETING_VERSION = 1.0;
				PRODUCT_BUNDLE_IDENTIFIER = jaredpateman.DexMate;
				PRODUCT_NAME = "$(TARGET_NAME)";
				SDKROOT = auto;
				SUPPORTED_PLATFORMS = "iphoneos iphonesimulator macosx";
				SWIFT_EMIT_LOC_STRINGS = YES;
				SWIFT_VERSION = 5.0;
				TARGETED_DEVICE_FAMILY = "1,2";
			};
			name = Debug;
		};
		FACE4C932BE02B6700FBC825 /* Release */ = {
			isa = XCBuildConfiguration;
			buildSettings = {
				ASSETCATALOG_COMPILER_APPICON_NAME = AppIcon;
				ASSETCATALOG_COMPILER_GLOBAL_ACCENT_COLOR_NAME = AccentColor;
				CODE_SIGN_ENTITLEMENTS = DexMate/DexMate.entitlements;
				CODE_SIGN_STYLE = Automatic;
				CURRENT_PROJECT_VERSION = 1;
				DEVELOPMENT_ASSET_PATHS = "\"DexMate/Preview Content\"";
				ENABLE_PREVIEWS = YES;
				GENERATE_INFOPLIST_FILE = YES;
				"INFOPLIST_KEY_UIApplicationSceneManifest_Generation[sdk=iphoneos*]" = YES;
				"INFOPLIST_KEY_UIApplicationSceneManifest_Generation[sdk=iphonesimulator*]" = YES;
				"INFOPLIST_KEY_UIApplicationSupportsIndirectInputEvents[sdk=iphoneos*]" = YES;
				"INFOPLIST_KEY_UIApplicationSupportsIndirectInputEvents[sdk=iphonesimulator*]" = YES;
				"INFOPLIST_KEY_UILaunchScreen_Generation[sdk=iphoneos*]" = YES;
				"INFOPLIST_KEY_UILaunchScreen_Generation[sdk=iphonesimulator*]" = YES;
				"INFOPLIST_KEY_UIStatusBarStyle[sdk=iphoneos*]" = UIStatusBarStyleDefault;
				"INFOPLIST_KEY_UIStatusBarStyle[sdk=iphonesimulator*]" = UIStatusBarStyleDefault;
				INFOPLIST_KEY_UISupportedInterfaceOrientations_iPad = "UIInterfaceOrientationPortrait UIInterfaceOrientationPortraitUpsideDown UIInterfaceOrientationLandscapeLeft UIInterfaceOrientationLandscapeRight";
				INFOPLIST_KEY_UISupportedInterfaceOrientations_iPhone = "UIInterfaceOrientationPortrait UIInterfaceOrientationLandscapeLeft UIInterfaceOrientationLandscapeRight";
				IPHONEOS_DEPLOYMENT_TARGET = 17.4;
				LD_RUNPATH_SEARCH_PATHS = "@executable_path/Frameworks";
				"LD_RUNPATH_SEARCH_PATHS[sdk=macosx*]" = "@executable_path/../Frameworks";
				MACOSX_DEPLOYMENT_TARGET = 14.3;
				MARKETING_VERSION = 1.0;
				PRODUCT_BUNDLE_IDENTIFIER = jaredpateman.DexMate;
				PRODUCT_NAME = "$(TARGET_NAME)";
				SDKROOT = auto;
				SUPPORTED_PLATFORMS = "iphoneos iphonesimulator macosx";
				SWIFT_EMIT_LOC_STRINGS = YES;
				SWIFT_VERSION = 5.0;
				TARGETED_DEVICE_FAMILY = "1,2";
			};
			name = Release;
		};
/* End XCBuildConfiguration section */

/* Begin XCConfigurationList section */
		FACE4C7D2BE02B6600FBC825 /* Build configuration list for PBXProject "DexMate" */ = {
			isa = XCConfigurationList;
			buildConfigurations = (
				FACE4C8F2BE02B6700FBC825 /* Debug */,
				FACE4C902BE02B6700FBC825 /* Release */,
			);
			defaultConfigurationIsVisible = 0;
			defaultConfigurationName = Release;
		};
		FACE4C912BE02B6700FBC825 /* Build configuration list for PBXNativeTarget "DexMate" */ = {
			isa = XCConfigurationList;
			buildConfigurations = (
				FACE4C922BE02B6700FBC825 /* Debug */,
				FACE4C932BE02B6700FBC825 /* Release */,
			);
			defaultConfigurationIsVisible = 0;
			defaultConfigurationName = Release;
		};
/* End XCConfigurationList section */
	};
	rootObject = FACE4C7A2BE02B6600FBC825 /* Project object */;
}
